# This file is autogenerated, do not edit; changes may be undone by the next 'dep ensure'.


[[projects]]
  digest = "1:a0030223c2eb35eacc6610931522b12bba854515944ff413d81c7e47ea284fd2"
  name = "github.com/dmgk/faker"
  packages = ["locales"]
  pruneopts = "UT"
  revision = "43454d133ca96960e67f5ecb86c9a67d9c7a145a"
  version = "v1.0.0"

[[projects]]
  digest = "1:6f7b52f959c65e924234f2af2bebdc7213cfac44887c7c7f66b4f7180d0e7478"
  name = "github.com/enodata/faker"
  packages = ["."]
  pruneopts = "UT"
  revision = "43454d133ca96960e67f5ecb86c9a67d9c7a145a"
  version = "v1.0.0"

[solve-meta]
  analyzer-name = "dep"
  analyzer-version = 1
  input-imports = ["github.com/enodata/faker"]
  solver-name = "gps-cdcl"
  solver-version = 1
